
Microsoft Visual Studio Solution File, Format Version 12.00
# Visual Studio 2013
VisualStudioVersion = 12.0.31101.0
MinimumVisualStudioVersion = 10.0.40219.1
Project("{FAE04EC0-301F-11D3-BF4B-00C04F79EFBC}") = "Data", "Data\Data.csproj", "{D80DD583-B7E0-4663-B45E-AB4AD738E9AE}"
EndProject
Project("{FAE04EC0-301F-11D3-BF4B-00C04F79EFBC}") = "Admin", "Admin\Admin.csproj", "{03C99530-2927-4548-B34B-EBA3976F8108}"
EndProject
Global
	GlobalSection(SolutionConfigurationPlatforms) = preSolution
		Debug|Any CPU = Debug|Any CPU
		Release|Any CPU = Release|Any CPU
	EndGlobalSection
	GlobalSection(ProjectConfigurationPlatforms) = postSolution
		{D80DD583-B7E0-4663-B45E-AB4AD738E9AE}.Debug|Any CPU.ActiveCfg = Debug|Any CPU
		{D80DD583-B7E0-4663-B45E-AB4AD738E9AE}.Debug|Any CPU.Build.0 = Debug|Any CPU
		{D80DD583-B7E0-4663-B45E-AB4AD738E9AE}.Release|Any CPU.ActiveCfg = Release|Any CPU
		{D80DD583-B7E0-4663-B45E-AB4AD738E9AE}.Release|Any CPU.Build.0 = Release|Any CPU
		{03C99530-2927-4548-B34B-EBA3976F8108}.Debug|Any CPU.ActiveCfg = Debug|Any CPU
		{03C99530-2927-4548-B34B-EBA3976F8108}.Debug|Any CPU.Build.0 = Debug|Any CPU
		{03C99530-2927-4548-B34B-EBA3976F8108}.Release|Any CPU.ActiveCfg = Release|Any CPU
		{03C99530-2927-4548-B34B-EBA3976F8108}.Release|Any CPU.Build.0 = Release|Any CPU
	EndGlobalSection
	GlobalSection(SolutionProperties) = preSolution
		HideSolutionNode = FALSE
	EndGlobalSection
EndGlobal
